
Microsoft Visual Studio Solution File, Format Version 12.00
Project("{FAE04EC0-301F-11D3-BF4B-00C04F79EFBC}") = "Collection-Management-API", "Collection-Management-API\Collection-Management-API.csproj", "{FCD72FC0-DD39-4855-8A84-B190B5D4BBF8}"
EndProject
Project("{FAE04EC0-301F-11D3-BF4B-00C04F79EFBC}") = "DataBase", "DataBase\DataBase.csproj", "{06BF95A2-FE17-4E77-A59C-880B75C81AC8}"
EndProject
Global
	GlobalSection(SolutionConfigurationPlatforms) = preSolution
		Debug|Any CPU = Debug|Any CPU
		Release|Any CPU = Release|Any CPU
	EndGlobalSection
	GlobalSection(ProjectConfigurationPlatforms) = postSolution
		{FCD72FC0-DD39-4855-8A84-B190B5D4BBF8}.Debug|Any CPU.ActiveCfg = Debug|Any CPU
		{FCD72FC0-DD39-4855-8A84-B190B5D4BBF8}.Debug|Any CPU.Build.0 = Debug|Any CPU
		{FCD72FC0-DD39-4855-8A84-B190B5D4BBF8}.Release|Any CPU.ActiveCfg = Release|Any CPU
		{FCD72FC0-DD39-4855-8A84-B190B5D4BBF8}.Release|Any CPU.Build.0 = Release|Any CPU
		{06BF95A2-FE17-4E77-A59C-880B75C81AC8}.Debug|Any CPU.ActiveCfg = Debug|Any CPU
		{06BF95A2-FE17-4E77-A59C-880B75C81AC8}.Debug|Any CPU.Build.0 = Debug|Any CPU
		{06BF95A2-FE17-4E77-A59C-880B75C81AC8}.Release|Any CPU.ActiveCfg = Release|Any CPU
		{06BF95A2-FE17-4E77-A59C-880B75C81AC8}.Release|Any CPU.Build.0 = Release|Any CPU
	EndGlobalSection
EndGlobal
